
Microsoft Visual Studio Solution File, Format Version 12.00
# Visual Studio Version 17
VisualStudioVersion = 17.11.35219.272
MinimumVisualStudioVersion = 10.0.40219.1
Project("{8BC9CEB8-8B4A-11D0-8D11-00A0C91BC942}") = "task_1", "task_1\task_1.vcxproj", "{CA860DA8-6B11-4B1E-A505-74943F767FD4}"
EndProject
Global
	GlobalSection(SolutionConfigurationPlatforms) = preSolution
		Debug|x64 = Debug|x64
		Debug|x86 = Debug|x86
		Release|x64 = Release|x64
		Release|x86 = Release|x86
	EndGlobalSection
	GlobalSection(ProjectConfigurationPlatforms) = postSolution
		{CA860DA8-6B11-4B1E-A505-74943F767FD4}.Debug|x64.ActiveCfg = Debug|x64
		{CA860DA8-6B11-4B1E-A505-74943F767FD4}.Debug|x64.Build.0 = Debug|x64
		{CA860DA8-6B11-4B1E-A505-74943F767FD4}.Debug|x86.ActiveCfg = Debug|Win32
		{CA860DA8-6B11-4B1E-A505-74943F767FD4}.Debug|x86.Build.0 = Debug|Win32
		{CA860DA8-6B11-4B1E-A505-74943F767FD4}.Release|x64.ActiveCfg = Release|x64
		{CA860DA8-6B11-4B1E-A505-74943F767FD4}.Release|x64.Build.0 = Release|x64
		{CA860DA8-6B11-4B1E-A505-74943F767FD4}.Release|x86.ActiveCfg = Release|Win32
		{CA860DA8-6B11-4B1E-A505-74943F767FD4}.Release|x86.Build.0 = Release|Win32
	EndGlobalSection
	GlobalSection(SolutionProperties) = preSolution
		HideSolutionNode = FALSE
	EndGlobalSection
	GlobalSection(ExtensibilityGlobals) = postSolution
		SolutionGuid = {004CAFC4-089E-40F3-A39A-583197A83CE7}
	EndGlobalSection
EndGlobal
